
Microsoft Visual Studio Solution File, Format Version 12.00
# Visual Studio Version 18
VisualStudioVersion = 18.2.11408.102
MinimumVisualStudioVersion = 10.0.40219.1
Project("{FAE04EC0-301F-11D3-BF4B-00C04F79EFBC}") = "SYNC", "SYNC\SYNC.csproj", "{B1C9D65A-9DCF-7A94-496A-02965D5BB5F0}"
EndProject
Global
	GlobalSection(SolutionConfigurationPlatforms) = preSolution
		Debug|Any CPU = Debug|Any CPU
		Release|Any CPU = Release|Any CPU
	EndGlobalSection
	GlobalSection(ProjectConfigurationPlatforms) = postSolution
		{B1C9D65A-9DCF-7A94-496A-02965D5BB5F0}.Debug|Any CPU.ActiveCfg = Debug|Any CPU
		{B1C9D65A-9DCF-7A94-496A-02965D5BB5F0}.Debug|Any CPU.Build.0 = Debug|Any CPU
		{B1C9D65A-9DCF-7A94-496A-02965D5BB5F0}.Release|Any CPU.ActiveCfg = Release|Any CPU
		{B1C9D65A-9DCF-7A94-496A-02965D5BB5F0}.Release|Any CPU.Build.0 = Release|Any CPU
	EndGlobalSection
	GlobalSection(SolutionProperties) = preSolution
		HideSolutionNode = FALSE
	EndGlobalSection
	GlobalSection(ExtensibilityGlobals) = postSolution
		SolutionGuid = {A8B8A402-3D7D-4A9A-96EA-A23CFF1F042E}
	EndGlobalSection
EndGlobal
